
Microsoft Visual Studio Solution File, Format Version 12.00
# Visual Studio Version 16
VisualStudioVersion = 16.0.33927.289
MinimumVisualStudioVersion = 10.0.40219.1
Project("{FAE04EC0-301F-11D3-BF4B-00C04F79EFBC}") = "Converse", "Converse\Converse.csproj", "{253727DD-AD8D-4C32-BB13-B97EABA8484F}"
EndProject
Global
	GlobalSection(SolutionConfigurationPlatforms) = preSolution
		Debug|Any CPU = Debug|Any CPU
		Release|Any CPU = Release|Any CPU
	EndGlobalSection
	GlobalSection(ProjectConfigurationPlatforms) = postSolution
		{253727DD-AD8D-4C32-BB13-B97EABA8484F}.Debug|Any CPU.ActiveCfg = Debug|Any CPU
		{253727DD-AD8D-4C32-BB13-B97EABA8484F}.Debug|Any CPU.Build.0 = Debug|Any CPU
		{253727DD-AD8D-4C32-BB13-B97EABA8484F}.Release|Any CPU.ActiveCfg = Release|Any CPU
		{253727DD-AD8D-4C32-BB13-B97EABA8484F}.Release|Any CPU.Build.0 = Release|Any CPU
	EndGlobalSection
	GlobalSection(SolutionProperties) = preSolution
		HideSolutionNode = FALSE
	EndGlobalSection
	GlobalSection(ExtensibilityGlobals) = postSolution
		SolutionGuid = {3BC0A20C-E51E-42D3-B1F8-D76BF6BE599A}
	EndGlobalSection
EndGlobal
